
Microsoft Visual Studio Solution File, Format Version 12.00
# Visual Studio Version 17
VisualStudioVersion = 17.0.31903.59
MinimumVisualStudioVersion = 10.0.40219.1
Project("{2150E333-8FDC-42A3-9474-1A3956D46DE8}") = "src", "src", "{3467C754-6CA7-49A1-B0F1-7DFD863E1C89}"
EndProject
Project("{FAE04EC0-301F-11D3-BF4B-00C04F79EFBC}") = "Jimy", "src\Jimy\Jimy.csproj", "{67098646-333C-4442-81C8-A82873504C03}"
EndProject
Project("{FAE04EC0-301F-11D3-BF4B-00C04F79EFBC}") = "Jimy.Domain", "src\Jimy.Domain\Jimy.Domain.csproj", "{F7BE7F18-302E-42CD-9468-BAF5CDEBA81A}"
EndProject
Global
	GlobalSection(SolutionConfigurationPlatforms) = preSolution
		Debug|Any CPU = Debug|Any CPU
		Release|Any CPU = Release|Any CPU
	EndGlobalSection
	GlobalSection(SolutionProperties) = preSolution
		HideSolutionNode = FALSE
	EndGlobalSection
	GlobalSection(ProjectConfigurationPlatforms) = postSolution
		{67098646-333C-4442-81C8-A82873504C03}.Debug|Any CPU.ActiveCfg = Debug|Any CPU
		{67098646-333C-4442-81C8-A82873504C03}.Debug|Any CPU.Build.0 = Debug|Any CPU
		{67098646-333C-4442-81C8-A82873504C03}.Release|Any CPU.ActiveCfg = Release|Any CPU
		{67098646-333C-4442-81C8-A82873504C03}.Release|Any CPU.Build.0 = Release|Any CPU
		{F7BE7F18-302E-42CD-9468-BAF5CDEBA81A}.Debug|Any CPU.ActiveCfg = Debug|Any CPU
		{F7BE7F18-302E-42CD-9468-BAF5CDEBA81A}.Debug|Any CPU.Build.0 = Debug|Any CPU
		{F7BE7F18-302E-42CD-9468-BAF5CDEBA81A}.Release|Any CPU.ActiveCfg = Release|Any CPU
		{F7BE7F18-302E-42CD-9468-BAF5CDEBA81A}.Release|Any CPU.Build.0 = Release|Any CPU
	EndGlobalSection
	GlobalSection(NestedProjects) = preSolution
		{67098646-333C-4442-81C8-A82873504C03} = {3467C754-6CA7-49A1-B0F1-7DFD863E1C89}
	EndGlobalSection
EndGlobal
